
Microsoft Visual Studio Solution File, Format Version 12.00
# Visual Studio 15
VisualStudioVersion = 15.0.28307.168
MinimumVisualStudioVersion = 10.0.40219.1
Project("{2150E333-8FDC-42A3-9474-1A3956D46DE8}") = "src", "src", "{E9C4AF90-594E-432E-8659-5C2FF849AAD1}"
EndProject
Project("{2150E333-8FDC-42A3-9474-1A3956D46DE8}") = "tests", "tests", "{4C37E4C5-67A5-4784-8AF9-586FF6E76792}"
EndProject
Project("{FAE04EC0-301F-11D3-BF4B-00C04F79EFBC}") = "Pocker.Core.Tests", "tests\Pocker.Core.Tests\Pocker.Core.Tests.csproj", "{196588CE-FC13-4886-A301-0080484729AF}"
EndProject
Project("{FAE04EC0-301F-11D3-BF4B-00C04F79EFBC}") = "Pocker.Core", "src\Pocker.Core\Pocker.Core.csproj", "{9B053D4C-C0E5-419E-A371-088B27A0B804}"
EndProject
Global
	GlobalSection(SolutionConfigurationPlatforms) = preSolution
		Debug|Any CPU = Debug|Any CPU
		Release|Any CPU = Release|Any CPU
	EndGlobalSection
	GlobalSection(ProjectConfigurationPlatforms) = postSolution
		{196588CE-FC13-4886-A301-0080484729AF}.Debug|Any CPU.ActiveCfg = Debug|Any CPU
		{196588CE-FC13-4886-A301-0080484729AF}.Debug|Any CPU.Build.0 = Debug|Any CPU
		{196588CE-FC13-4886-A301-0080484729AF}.Release|Any CPU.ActiveCfg = Release|Any CPU
		{196588CE-FC13-4886-A301-0080484729AF}.Release|Any CPU.Build.0 = Release|Any CPU
		{9B053D4C-C0E5-419E-A371-088B27A0B804}.Debug|Any CPU.ActiveCfg = Debug|Any CPU
		{9B053D4C-C0E5-419E-A371-088B27A0B804}.Debug|Any CPU.Build.0 = Debug|Any CPU
		{9B053D4C-C0E5-419E-A371-088B27A0B804}.Release|Any CPU.ActiveCfg = Release|Any CPU
		{9B053D4C-C0E5-419E-A371-088B27A0B804}.Release|Any CPU.Build.0 = Release|Any CPU
	EndGlobalSection
	GlobalSection(SolutionProperties) = preSolution
		HideSolutionNode = FALSE
	EndGlobalSection
	GlobalSection(NestedProjects) = preSolution
		{196588CE-FC13-4886-A301-0080484729AF} = {4C37E4C5-67A5-4784-8AF9-586FF6E76792}
		{9B053D4C-C0E5-419E-A371-088B27A0B804} = {E9C4AF90-594E-432E-8659-5C2FF849AAD1}
	EndGlobalSection
	GlobalSection(ExtensibilityGlobals) = postSolution
		SolutionGuid = {87F736FA-9747-401C-858B-58376735CF3E}
	EndGlobalSection
EndGlobal
